// !$*UTF8*$!
{
	archiveVersion = 1;
	classes = {
	};
	objectVersion = 50;
	objects = {

/* Begin PBXBuildFile section */
		E0CA75D324E2DF6700A80658 /* AppDelegate.swift in Sources */ = {isa = PBXBuildFile; fileRef = E0CA75D224E2DF6700A80658 /* AppDelegate.swift */; };
		E0CA75D524E2DF6700A80658 /* SceneDelegate.swift in Sources */ = {isa = PBXBuildFile; fileRef = E0CA75D424E2DF6700A80658 /* SceneDelegate.swift */; };
		E0CA75D724E2DF6700A80658 /* ViewController.swift in Sources */ = {isa = PBXBuildFile; fileRef = E0CA75D624E2DF6700A80658 /* ViewController.swift */; };
		E0CA75DA24E2DF6700A80658 /* Main.storyboard in Resources */ = {isa = PBXBuildFile; fileRef = E0CA75D824E2DF6700A80658 /* Main.storyboard */; };
		E0CA75DC24E2DF6900A80658 /* Assets.xcassets in Resources */ = {isa = PBXBuildFile; fileRef = E0CA75DB24E2DF6900A80658 /* Assets.xcassets */; };
		E0CA75DF24E2DF6900A80658 /* LaunchScreen.storyboard in Resources */ = {isa = PBXBuildFile; fileRef = E0CA75DD24E2DF6900A80658 /* LaunchScreen.storyboard */; };
		E0CA75EA24E2DF6900A80658 /* Make_ToastTests.swift in Sources */ = {isa = PBXBuildFile; fileRef = E0CA75E924E2DF6900A80658 /* Make_ToastTests.swift */; };
		E0CA75FE24E53CED00A80658 /* ToastView.swift in Sources */ = {isa = PBXBuildFile; fileRef = E0CA75FD24E53CED00A80658 /* ToastView.swift */; };
		E0CA760224E53F2900A80658 /* ToastView.xib in Resources */ = {isa = PBXBuildFile; fileRef = E0CA760124E53F2900A80658 /* ToastView.xib */; };
/* End PBXBuildFile section */

/* Begin PBXContainerItemProxy section */
		E0CA75E624E2DF6900A80658 /* PBXContainerItemProxy */ = {
			isa = PBXContainerItemProxy;
			containerPortal = E0CA75C724E2DF6700A80658 /* Project object */;
			proxyType = 1;
			remoteGlobalIDString = E0CA75CE24E2DF6700A80658;
			remoteInfo = "Make-Toast";
		};
/* End PBXContainerItemProxy section */

/* Begin PBXFileReference section */
		E0CA75CF24E2DF6700A80658 /* Make-Toast.app */ = {isa = PBXFileReference; explicitFileType = wrapper.application; includeInIndex = 0; path = "Make-Toast.app"; sourceTree = BUILT_PRODUCTS_DIR; };
		E0CA75D224E2DF6700A80658 /* AppDelegate.swift */ = {isa = PBXFileReference; lastKnownFileType = sourcecode.swift; path = AppDelegate.swift; sourceTree = "<group>"; };
		E0CA75D424E2DF6700A80658 /* SceneDelegate.swift */ = {isa = PBXFileReference; lastKnownFileType = sourcecode.swift; path = SceneDelegate.swift; sourceTree = "<group>"; };
		E0CA75D624E2DF6700A80658 /* ViewController.swift */ = {isa = PBXFileReference; lastKnownFileType = sourcecode.swift; path = ViewController.swift; sourceTree = "<group>"; };
		E0CA75D924E2DF6700A80658 /* Base */ = {isa = PBXFileReference; lastKnownFileType = file.storyboard; name = Base; path = Base.lproj/Main.storyboard; sourceTree = "<group>"; };
		E0CA75DB24E2DF6900A80658 /* Assets.xcassets */ = {isa = PBXFileReference; lastKnownFileType = folder.assetcatalog; path = Assets.xcassets; sourceTree = "<group>"; };
		E0CA75DE24E2DF6900A80658 /* Base */ = {isa = PBXFileReference; lastKnownFileType = file.storyboard; name = Base; path = Base.lproj/LaunchScreen.storyboard; sourceTree = "<group>"; };
		E0CA75E024E2DF6900A80658 /* Info.plist */ = {isa = PBXFileReference; lastKnownFileType = text.plist.xml; path = Info.plist; sourceTree = "<group>"; };
		E0CA75E524E2DF6900A80658 /* Make-ToastTests.xctest */ = {isa = PBXFileReference; explicitFileType = wrapper.cfbundle; includeInIndex = 0; path = "Make-ToastTests.xctest"; sourceTree = BUILT_PRODUCTS_DIR; };
		E0CA75E924E2DF6900A80658 /* Make_ToastTests.swift */ = {isa = PBXFileReference; lastKnownFileType = sourcecode.swift; path = Make_ToastTests.swift; sourceTree = "<group>"; };
		E0CA75EB24E2DF6900A80658 /* Info.plist */ = {isa = PBXFileReference; lastKnownFileType = text.plist.xml; path = Info.plist; sourceTree = "<group>"; };
		E0CA75FD24E53CED00A80658 /* ToastView.swift */ = {isa = PBXFileReference; lastKnownFileType = sourcecode.swift; path = ToastView.swift; sourceTree = "<group>"; };
		E0CA760124E53F2900A80658 /* ToastView.xib */ = {isa = PBXFileReference; lastKnownFileType = file.xib; path = ToastView.xib; sourceTree = "<group>"; };
/* End PBXFileReference section */

/* Begin PBXFrameworksBuildPhase section */
		E0CA75CC24E2DF6700A80658 /* Frameworks */ = {
			isa = PBXFrameworksBuildPhase;
			buildActionMask = 2147483647;
			files = (
			);
			runOnlyForDeploymentPostprocessing = 0;
		};
		E0CA75E224E2DF6900A80658 /* Frameworks */ = {
			isa = PBXFrameworksBuildPhase;
			buildActionMask = 2147483647;
			files = (
			);
			runOnlyForDeploymentPostprocessing = 0;
		};
/* End PBXFrameworksBuildPhase section */

/* Begin PBXGroup section */
		E0CA75C624E2DF6700A80658 = {
			isa = PBXGroup;
			children = (
				E0CA75D124E2DF6700A80658 /* Make-Toast */,
				E0CA75E824E2DF6900A80658 /* Make-ToastTests */,
				E0CA75D024E2DF6700A80658 /* Products */,
			);
			sourceTree = "<group>";
		};
		E0CA75D024E2DF6700A80658 /* Products */ = {
			isa = PBXGroup;
			children = (
				E0CA75CF24E2DF6700A80658 /* Make-Toast.app */,
				E0CA75E524E2DF6900A80658 /* Make-ToastTests.xctest */,
			);
			name = Products;
			sourceTree = "<group>";
		};
		E0CA75D124E2DF6700A80658 /* Make-Toast */ = {
			isa = PBXGroup;
			children = (
				E0CA75FA24E536A100A80658 /* view */,
				E0CA75F924E5368E00A80658 /* storyboard */,
				E0CA75F824E5368500A80658 /* controller */,
				E0CA75D224E2DF6700A80658 /* AppDelegate.swift */,
				E0CA75D424E2DF6700A80658 /* SceneDelegate.swift */,
				E0CA75DB24E2DF6900A80658 /* Assets.xcassets */,
				E0CA75DD24E2DF6900A80658 /* LaunchScreen.storyboard */,
				E0CA75E024E2DF6900A80658 /* Info.plist */,
			);
			path = "Make-Toast";
			sourceTree = "<group>";
		};
		E0CA75E824E2DF6900A80658 /* Make-ToastTests */ = {
			isa = PBXGroup;
			children = (
				E0CA75E924E2DF6900A80658 /* Make_ToastTests.swift */,
				E0CA75EB24E2DF6900A80658 /* Info.plist */,
			);
			path = "Make-ToastTests";
			sourceTree = "<group>";
		};
		E0CA75F824E5368500A80658 /* controller */ = {
			isa = PBXGroup;
			children = (
				E0CA75D624E2DF6700A80658 /* ViewController.swift */,
			);
			path = controller;
			sourceTree = "<group>";
		};
		E0CA75F924E5368E00A80658 /* storyboard */ = {
			isa = PBXGroup;
			children = (
				E0CA75D824E2DF6700A80658 /* Main.storyboard */,
			);
			path = storyboard;
			sourceTree = "<group>";
		};
		E0CA75FA24E536A100A80658 /* view */ = {
			isa = PBXGroup;
			children = (
				E0CA75FD24E53CED00A80658 /* ToastView.swift */,
				E0CA760124E53F2900A80658 /* ToastView.xib */,
			);
			path = view;
			sourceTree = "<group>";
		};
/* End PBXGroup section */

/* Begin PBXNativeTarget section */
		E0CA75CE24E2DF6700A80658 /* Make-Toast */ = {
			isa = PBXNativeTarget;
			buildConfigurationList = E0CA75EE24E2DF6900A80658 /* Build configuration list for PBXNativeTarget "Make-Toast" */;
			buildPhases = (
				E0CA75CB24E2DF6700A80658 /* Sources */,
				E0CA75CC24E2DF6700A80658 /* Frameworks */,
				E0CA75CD24E2DF6700A80658 /* Resources */,
			);
			buildRules = (
			);
			dependencies = (
			);
			name = "Make-Toast";
			productName = "Make-Toast";
			productReference = E0CA75CF24E2DF6700A80658 /* Make-Toast.app */;
			productType = "com.apple.product-type.application";
		};
		E0CA75E424E2DF6900A80658 /* Make-ToastTests */ = {
			isa = PBXNativeTarget;
			buildConfigurationList = E0CA75F124E2DF6900A80658 /* Build configuration list for PBXNativeTarget "Make-ToastTests" */;
			buildPhases = (
				E0CA75E124E2DF6900A80658 /* Sources */,
				E0CA75E224E2DF6900A80658 /* Frameworks */,
				E0CA75E324E2DF6900A80658 /* Resources */,
			);
			buildRules = (
			);
			dependencies = (
				E0CA75E724E2DF6900A80658 /* PBXTargetDependency */,
			);
			name = "Make-ToastTests";
			productName = "Make-ToastTests";
			productReference = E0CA75E524E2DF6900A80658 /* Make-ToastTests.xctest */;
			productType = "com.apple.product-type.bundle.unit-test";
		};
/* End PBXNativeTarget section */

/* Begin PBXProject section */
		E0CA75C724E2DF6700A80658 /* Project object */ = {
			isa = PBXProject;
			attributes = {
				LastSwiftUpdateCheck = 1140;
				LastUpgradeCheck = 1140;
				ORGANIZATIONNAME = "심지원";
				TargetAttributes = {
					E0CA75CE24E2DF6700A80658 = {
						CreatedOnToolsVersion = 11.4.1;
					};
					E0CA75E424E2DF6900A80658 = {
						CreatedOnToolsVersion = 11.4.1;
						TestTargetID = E0CA75CE24E2DF6700A80658;
					};
				};
			};
			buildConfigurationList = E0CA75CA24E2DF6700A80658 /* Build configuration list for PBXProject "Make-Toast" */;
			compatibilityVersion = "Xcode 9.3";
			developmentRegion = en;
			hasScannedForEncodings = 0;
			knownRegions = (
				en,
				Base,
			);
			mainGroup = E0CA75C624E2DF6700A80658;
			productRefGroup = E0CA75D024E2DF6700A80658 /* Products */;
			projectDirPath = "";
			projectRoot = "";
			targets = (
				E0CA75CE24E2DF6700A80658 /* Make-Toast */,
				E0CA75E424E2DF6900A80658 /* Make-ToastTests */,
			);
		};
/* End PBXProject section */

/* Begin PBXResourcesBuildPhase section */
		E0CA75CD24E2DF6700A80658 /* Resources */ = {
			isa = PBXResourcesBuildPhase;
			buildActionMask = 2147483647;
			files = (
				E0CA760224E53F2900A80658 /* ToastView.xib in Resources */,
				E0CA75DF24E2DF6900A80658 /* LaunchScreen.storyboard in Resources */,
				E0CA75DC24E2DF6900A80658 /* Assets.xcassets in Resources */,
				E0CA75DA24E2DF6700A80658 /* Main.storyboard in Resources */,
			);
			runOnlyForDeploymentPostprocessing = 0;
		};
		E0CA75E324E2DF6900A80658 /* Resources */ = {
			isa = PBXResourcesBuildPhase;
			buildActionMask = 2147483647;
			files = (
			);
			runOnlyForDeploymentPostprocessing = 0;
		};
/* End PBXResourcesBuildPhase section */

/* Begin PBXSourcesBuildPhase section */
		E0CA75CB24E2DF6700A80658 /* Sources */ = {
			isa = PBXSourcesBuildPhase;
			buildActionMask = 2147483647;
			files = (
				E0CA75FE24E53CED00A80658 /* ToastView.swift in Sources */,
				E0CA75D724E2DF6700A80658 /* ViewController.swift in Sources */,
				E0CA75D324E2DF6700A80658 /* AppDelegate.swift in Sources */,
				E0CA75D524E2DF6700A80658 /* SceneDelegate.swift in Sources */,
			);
			runOnlyForDeploymentPostprocessing = 0;
		};
		E0CA75E124E2DF6900A80658 /* Sources */ = {
			isa = PBXSourcesBuildPhase;
			buildActionMask = 2147483647;
			files = (
				E0CA75EA24E2DF6900A80658 /* Make_ToastTests.swift in Sources */,
			);
			runOnlyForDeploymentPostprocessing = 0;
		};
/* End PBXSourcesBuildPhase section */

/* Begin PBXTargetDependency section */
		E0CA75E724E2DF6900A80658 /* PBXTargetDependency */ = {
			isa = PBXTargetDependency;
			target = E0CA75CE24E2DF6700A80658 /* Make-Toast */;
			targetProxy = E0CA75E624E2DF6900A80658 /* PBXContainerItemProxy */;
		};
/* End PBXTargetDependency section */

/* Begin PBXVariantGroup section */
		E0CA75D824E2DF6700A80658 /* Main.storyboard */ = {
			isa = PBXVariantGroup;
			children = (
				E0CA75D924E2DF6700A80658 /* Base */,
			);
			name = Main.storyboard;
			sourceTree = "<group>";
		};
		E0CA75DD24E2DF6900A80658 /* LaunchScreen.storyboard */ = {
			isa = PBXVariantGroup;
			children = (
				E0CA75DE24E2DF6900A80658 /* Base */,
			);
			name = LaunchScreen.storyboard;
			sourceTree = "<group>";
		};
/* End PBXVariantGroup section */

/* Begin XCBuildConfiguration section */
		E0CA75EC24E2DF6900A80658 /* Debug */ = {
			isa = XCBuildConfiguration;
			buildSettings = {
				ALWAYS_SEARCH_USER_PATHS = NO;
				CLANG_ANALYZER_NONNULL = YES;
				CLANG_ANALYZER_NUMBER_OBJECT_CONVERSION = YES_AGGRESSIVE;
				CLANG_CXX_LANGUAGE_STANDARD = "gnu++14";
				CLANG_CXX_LIBRARY = "libc++";
				CLANG_ENABLE_MODULES = YES;
				CLANG_ENABLE_OBJC_ARC = YES;
				CLANG_ENABLE_OBJC_WEAK = YES;
				CLANG_WARN_BLOCK_CAPTURE_AUTORELEASING = YES;
				CLANG_WARN_BOOL_CONVERSION = YES;
				CLANG_WARN_COMMA = YES;
				CLANG_WARN_CONSTANT_CONVERSION = YES;
				CLANG_WARN_DEPRECATED_OBJC_IMPLEMENTATIONS = YES;
				CLANG_WARN_DIRECT_OBJC_ISA_USAGE = YES_ERROR;
				CLANG_WARN_DOCUMENTATION_COMMENTS = YES;
				CLANG_WARN_EMPTY_BODY = YES;
				CLANG_WARN_ENUM_CONVERSION = YES;
				CLANG_WARN_INFINITE_RECURSION = YES;
				CLANG_WARN_INT_CONVERSION = YES;
				CLANG_WARN_NON_LITERAL_NULL_CONVERSION = YES;
				CLANG_WARN_OBJC_IMPLICIT_RETAIN_SELF = YES;
				CLANG_WARN_OBJC_LITERAL_CONVERSION = YES;
				CLANG_WARN_OBJC_ROOT_CLASS = YES_ERROR;
				CLANG_WARN_RANGE_LOOP_ANALYSIS = YES;
				CLANG_WARN_STRICT_PROTOTYPES = YES;
				CLANG_WARN_SUSPICIOUS_MOVE = YES;
				CLANG_WARN_UNGUARDED_AVAILABILITY = YES_AGGRESSIVE;
				CLANG_WARN_UNREACHABLE_CODE = YES;
				CLANG_WARN__DUPLICATE_METHOD_MATCH = YES;
				COPY_PHASE_STRIP = NO;
				DEBUG_INFORMATION_FORMAT = dwarf;
				ENABLE_STRICT_OBJC_MSGSEND = YES;
				ENABLE_TESTABILITY = YES;
				GCC_C_LANGUAGE_STANDARD = gnu11;
				GCC_DYNAMIC_NO_PIC = NO;
				GCC_NO_COMMON_BLOCKS = YES;
				GCC_OPTIMIZATION_LEVEL = 0;
				GCC_PREPROCESSOR_DEFINITIONS = (
					"DEBUG=1",
					"$(inherited)",
				);
				GCC_WARN_64_TO_32_BIT_CONVERSION = YES;
				GCC_WARN_ABOUT_RETURN_TYPE = YES_ERROR;
				GCC_WARN_UNDECLARED_SELECTOR = YES;
				GCC_WARN_UNINITIALIZED_AUTOS = YES_AGGRESSIVE;
				GCC_WARN_UNUSED_FUNCTION = YES;
				GCC_WARN_UNUSED_VARIABLE = YES;
				IPHONEOS_DEPLOYMENT_TARGET = 13.4;
				MTL_ENABLE_DEBUG_INFO = INCLUDE_SOURCE;
				MTL_FAST_MATH = YES;
				ONLY_ACTIVE_ARCH = YES;
				SDKROOT = iphoneos;
				SWIFT_ACTIVE_COMPILATION_CONDITIONS = DEBUG;
				SWIFT_OPTIMIZATION_LEVEL = "-Onone";
			};
			name = Debug;
		};
		E0CA75ED24E2DF6900A80658 /* Release */ = {
			isa = XCBuildConfiguration;
			buildSettings = {
				ALWAYS_SEARCH_USER_PATHS = NO;
				CLANG_ANALYZER_NONNULL = YES;
				CLANG_ANALYZER_NUMBER_OBJECT_CONVERSION = YES_AGGRESSIVE;
				CLANG_CXX_LANGUAGE_STANDARD = "gnu++14";
				CLANG_CXX_LIBRARY = "libc++";
				CLANG_ENABLE_MODULES = YES;
				CLANG_ENABLE_OBJC_ARC = YES;
				CLANG_ENABLE_OBJC_WEAK = YES;
				CLANG_WARN_BLOCK_CAPTURE_AUTORELEASING = YES;
				CLANG_WARN_BOOL_CONVERSION = YES;
				CLANG_WARN_COMMA = YES;
				CLANG_WARN_CONSTANT_CONVERSION = YES;
				CLANG_WARN_DEPRECATED_OBJC_IMPLEMENTATIONS = YES;
				CLANG_WARN_DIRECT_OBJC_ISA_USAGE = YES_ERROR;
				CLANG_WARN_DOCUMENTATION_COMMENTS = YES;
				CLANG_WARN_EMPTY_BODY = YES;
				CLANG_WARN_ENUM_CONVERSION = YES;
				CLANG_WARN_INFINITE_RECURSION = YES;
				CLANG_WARN_INT_CONVERSION = YES;
				CLANG_WARN_NON_LITERAL_NULL_CONVERSION = YES;
				CLANG_WARN_OBJC_IMPLICIT_RETAIN_SELF = YES;
				CLANG_WARN_OBJC_LITERAL_CONVERSION = YES;
				CLANG_WARN_OBJC_ROOT_CLASS = YES_ERROR;
				CLANG_WARN_RANGE_LOOP_ANALYSIS = YES;
				CLANG_WARN_STRICT_PROTOTYPES = YES;
				CLANG_WARN_SUSPICIOUS_MOVE = YES;
				CLANG_WARN_UNGUARDED_AVAILABILITY = YES_AGGRESSIVE;
				CLANG_WARN_UNREACHABLE_CODE = YES;
				CLANG_WARN__DUPLICATE_METHOD_MATCH = YES;
				COPY_PHASE_STRIP = NO;
				DEBUG_INFORMATION_FORMAT = "dwarf-with-dsym";
				ENABLE_NS_ASSERTIONS = NO;
				ENABLE_STRICT_OBJC_MSGSEND = YES;
				GCC_C_LANGUAGE_STANDARD = gnu11;
				GCC_NO_COMMON_BLOCKS = YES;
				GCC_WARN_64_TO_32_BIT_CONVERSION = YES;
				GCC_WARN_ABOUT_RETURN_TYPE = YES_ERROR;
				GCC_WARN_UNDECLARED_SELECTOR = YES;
				GCC_WARN_UNINITIALIZED_AUTOS = YES_AGGRESSIVE;
				GCC_WARN_UNUSED_FUNCTION = YES;
				GCC_WARN_UNUSED_VARIABLE = YES;
				IPHONEOS_DEPLOYMENT_TARGET = 13.4;
				MTL_ENABLE_DEBUG_INFO = NO;
				MTL_FAST_MATH = YES;
				SDKROOT = iphoneos;
				SWIFT_COMPILATION_MODE = wholemodule;
				SWIFT_OPTIMIZATION_LEVEL = "-O";
				VALIDATE_PRODUCT = YES;
			};
			name = Release;
		};
		E0CA75EF24E2DF6900A80658 /* Debug */ = {
			isa = XCBuildConfiguration;
			buildSettings = {
				ASSETCATALOG_COMPILER_APPICON_NAME = AppIcon;
				CODE_SIGN_STYLE = Automatic;
				INFOPLIST_FILE = "Make-Toast/Info.plist";
				LD_RUNPATH_SEARCH_PATHS = (
					"$(inherited)",
					"@executable_path/Frameworks",
				);
				PRODUCT_BUNDLE_IDENTIFIER = "com.jiwon.Make-Toast";
				PRODUCT_NAME = "$(TARGET_NAME)";
				SWIFT_VERSION = 5.0;
				TARGETED_DEVICE_FAMILY = "1,2";
			};
			name = Debug;
		};
		E0CA75F024E2DF6900A80658 /* Release */ = {
			isa = XCBuildConfiguration;
			buildSettings = {
				ASSETCATALOG_COMPILER_APPICON_NAME = AppIcon;
				CODE_SIGN_STYLE = Automatic;
				INFOPLIST_FILE = "Make-Toast/Info.plist";
				LD_RUNPATH_SEARCH_PATHS = (
					"$(inherited)",
					"@executable_path/Frameworks",
				);
				PRODUCT_BUNDLE_IDENTIFIER = "com.jiwon.Make-Toast";
				PRODUCT_NAME = "$(TARGET_NAME)";
				SWIFT_VERSION = 5.0;
				TARGETED_DEVICE_FAMILY = "1,2";
			};
			name = Release;
		};
		E0CA75F224E2DF6900A80658 /* Debug */ = {
			isa = XCBuildConfiguration;
			buildSettings = {
				ALWAYS_EMBED_SWIFT_STANDARD_LIBRARIES = YES;
				BUNDLE_LOADER = "$(TEST_HOST)";
				CODE_SIGN_STYLE = Automatic;
				INFOPLIST_FILE = "Make-ToastTests/Info.plist";
				IPHONEOS_DEPLOYMENT_TARGET = 13.4;
				LD_RUNPATH_SEARCH_PATHS = (
					"$(inherited)",
					"@executable_path/Frameworks",
					"@loader_path/Frameworks",
				);
				PRODUCT_BUNDLE_IDENTIFIER = "com.jiwon.Make-ToastTests";
				PRODUCT_NAME = "$(TARGET_NAME)";
				SWIFT_VERSION = 5.0;
				TARGETED_DEVICE_FAMILY = "1,2";
				TEST_HOST = "$(BUILT_PRODUCTS_DIR)/Make-Toast.app/Make-Toast";
			};
			name = Debug;
		};
		E0CA75F324E2DF6900A80658 /* Release */ = {
			isa = XCBuildConfiguration;
			buildSettings = {
				ALWAYS_EMBED_SWIFT_STANDARD_LIBRARIES = YES;
				BUNDLE_LOADER = "$(TEST_HOST)";
				CODE_SIGN_STYLE = Automatic;
				INFOPLIST_FILE = "Make-ToastTests/Info.plist";
				IPHONEOS_DEPLOYMENT_TARGET = 13.4;
				LD_RUNPATH_SEARCH_PATHS = (
					"$(inherited)",
					"@executable_path/Frameworks",
					"@loader_path/Frameworks",
				);
				PRODUCT_BUNDLE_IDENTIFIER = "com.jiwon.Make-ToastTests";
				PRODUCT_NAME = "$(TARGET_NAME)";
				SWIFT_VERSION = 5.0;
				TARGETED_DEVICE_FAMILY = "1,2";
				TEST_HOST = "$(BUILT_PRODUCTS_DIR)/Make-Toast.app/Make-Toast";
			};
			name = Release;
		};
/* End XCBuildConfiguration section */

/* Begin XCConfigurationList section */
		E0CA75CA24E2DF6700A80658 /* Build configuration list for PBXProject "Make-Toast" */ = {
			isa = XCConfigurationList;
			buildConfigurations = (
				E0CA75EC24E2DF6900A80658 /* Debug */,
				E0CA75ED24E2DF6900A80658 /* Release */,
			);
			defaultConfigurationIsVisible = 0;
			defaultConfigurationName = Release;
		};
		E0CA75EE24E2DF6900A80658 /* Build configuration list for PBXNativeTarget "Make-Toast" */ = {
			isa = XCConfigurationList;
			buildConfigurations = (
				E0CA75EF24E2DF6900A80658 /* Debug */,
				E0CA75F024E2DF6900A80658 /* Release */,
			);
			defaultConfigurationIsVisible = 0;
			defaultConfigurationName = Release;
		};
		E0CA75F124E2DF6900A80658 /* Build configuration list for PBXNativeTarget "Make-ToastTests" */ = {
			isa = XCConfigurationList;
			buildConfigurations = (
				E0CA75F224E2DF6900A80658 /* Debug */,
				E0CA75F324E2DF6900A80658 /* Release */,
			);
			defaultConfigurationIsVisible = 0;
			defaultConfigurationName = Release;
		};
/* End XCConfigurationList section */
	};
	rootObject = E0CA75C724E2DF6700A80658 /* Project object */;
}
